
Microsoft Visual Studio Solution File, Format Version 12.00
# Visual Studio Version 17
VisualStudioVersion = 17.14.36221.1 d17.14
MinimumVisualStudioVersion = 10.0.40219.1
Project("{FAE04EC0-301F-11D3-BF4B-00C04F79EFBC}") = "KafkaChatSolution", "KafkaChatSolution.csproj", "{AE942702-024D-4F8D-8565-1A335C8F087F}"
EndProject
Project("{FAE04EC0-301F-11D3-BF4B-00C04F79EFBC}") = "KafkaProducerApp", "..\KafkaProducerApp\KafkaProducerApp.csproj", "{814D67E8-7D04-46BD-81A4-9DFB0596D6BB}"
EndProject
Project("{FAE04EC0-301F-11D3-BF4B-00C04F79EFBC}") = "KafkaConsumerApp", "..\KafkaConsumerApp\KafkaConsumerApp.csproj", "{0A2AAF69-D670-4856-9D34-3489CEA2B714}"
EndProject
Global
	GlobalSection(SolutionConfigurationPlatforms) = preSolution
		Debug|Any CPU = Debug|Any CPU
		Release|Any CPU = Release|Any CPU
	EndGlobalSection
	GlobalSection(ProjectConfigurationPlatforms) = postSolution
		{AE942702-024D-4F8D-8565-1A335C8F087F}.Debug|Any CPU.ActiveCfg = Debug|Any CPU
		{AE942702-024D-4F8D-8565-1A335C8F087F}.Debug|Any CPU.Build.0 = Debug|Any CPU
		{AE942702-024D-4F8D-8565-1A335C8F087F}.Release|Any CPU.ActiveCfg = Release|Any CPU
		{AE942702-024D-4F8D-8565-1A335C8F087F}.Release|Any CPU.Build.0 = Release|Any CPU
		{814D67E8-7D04-46BD-81A4-9DFB0596D6BB}.Debug|Any CPU.ActiveCfg = Debug|Any CPU
		{814D67E8-7D04-46BD-81A4-9DFB0596D6BB}.Debug|Any CPU.Build.0 = Debug|Any CPU
		{814D67E8-7D04-46BD-81A4-9DFB0596D6BB}.Release|Any CPU.ActiveCfg = Release|Any CPU
		{814D67E8-7D04-46BD-81A4-9DFB0596D6BB}.Release|Any CPU.Build.0 = Release|Any CPU
		{0A2AAF69-D670-4856-9D34-3489CEA2B714}.Debug|Any CPU.ActiveCfg = Debug|Any CPU
		{0A2AAF69-D670-4856-9D34-3489CEA2B714}.Debug|Any CPU.Build.0 = Debug|Any CPU
		{0A2AAF69-D670-4856-9D34-3489CEA2B714}.Release|Any CPU.ActiveCfg = Release|Any CPU
		{0A2AAF69-D670-4856-9D34-3489CEA2B714}.Release|Any CPU.Build.0 = Release|Any CPU
	EndGlobalSection
	GlobalSection(SolutionProperties) = preSolution
		HideSolutionNode = FALSE
	EndGlobalSection
	GlobalSection(ExtensibilityGlobals) = postSolution
		SolutionGuid = {5FE634FA-8459-493A-B901-3A646491CC46}
	EndGlobalSection
EndGlobal
