
Microsoft Visual Studio Solution File, Format Version 12.00
# Visual Studio Version 17
VisualStudioVersion = 17.14.36221.1 d17.14
MinimumVisualStudioVersion = 10.0.40219.1
Project("{FAE04EC0-301F-11D3-BF4B-00C04F79EFBC}") = "FirstWebApi", "FirstWebApi.csproj", "{D2BAED77-EC2B-4454-9CD7-2DA607AF1283}"
EndProject
Global
	GlobalSection(SolutionConfigurationPlatforms) = preSolution
		Debug|Any CPU = Debug|Any CPU
		Release|Any CPU = Release|Any CPU
	EndGlobalSection
	GlobalSection(ProjectConfigurationPlatforms) = postSolution
		{D2BAED77-EC2B-4454-9CD7-2DA607AF1283}.Debug|Any CPU.ActiveCfg = Debug|Any CPU
		{D2BAED77-EC2B-4454-9CD7-2DA607AF1283}.Debug|Any CPU.Build.0 = Debug|Any CPU
		{D2BAED77-EC2B-4454-9CD7-2DA607AF1283}.Release|Any CPU.ActiveCfg = Release|Any CPU
		{D2BAED77-EC2B-4454-9CD7-2DA607AF1283}.Release|Any CPU.Build.0 = Release|Any CPU
	EndGlobalSection
	GlobalSection(SolutionProperties) = preSolution
		HideSolutionNode = FALSE
	EndGlobalSection
	GlobalSection(ExtensibilityGlobals) = postSolution
		SolutionGuid = {54F67D46-D59A-4E42-9935-EE98C335FE71}
	EndGlobalSection
EndGlobal
