
Microsoft Visual Studio Solution File, Format Version 12.00
# Visual Studio Version 17
VisualStudioVersion = 17.14.36221.1 d17.14
MinimumVisualStudioVersion = 10.0.40219.1
Project("{FAE04EC0-301F-11D3-BF4B-00C04F79EFBC}") = "SecureUserManager", "SecureUserManager.csproj", "{120086FA-3E2C-465F-B0F9-266F3AD3CE08}"
EndProject
Global
	GlobalSection(SolutionConfigurationPlatforms) = preSolution
		Debug|Any CPU = Debug|Any CPU
		Release|Any CPU = Release|Any CPU
	EndGlobalSection
	GlobalSection(ProjectConfigurationPlatforms) = postSolution
		{120086FA-3E2C-465F-B0F9-266F3AD3CE08}.Debug|Any CPU.ActiveCfg = Debug|Any CPU
		{120086FA-3E2C-465F-B0F9-266F3AD3CE08}.Debug|Any CPU.Build.0 = Debug|Any CPU
		{120086FA-3E2C-465F-B0F9-266F3AD3CE08}.Release|Any CPU.ActiveCfg = Release|Any CPU
		{120086FA-3E2C-465F-B0F9-266F3AD3CE08}.Release|Any CPU.Build.0 = Release|Any CPU
	EndGlobalSection
	GlobalSection(SolutionProperties) = preSolution
		HideSolutionNode = FALSE
	EndGlobalSection
	GlobalSection(ExtensibilityGlobals) = postSolution
		SolutionGuid = {C9F5E0BC-629A-41EF-8497-CA8FCCA4D54C}
	EndGlobalSection
EndGlobal
